
Microsoft Visual Studio Solution File, Format Version 12.00
# Visual Studio Version 16
VisualStudioVersion = 16.0.29102.190
MinimumVisualStudioVersion = 10.0.40219.1
Project("{8BC9CEB8-8B4A-11D0-8D11-00A0C91BC942}") = "ModbusBridge", "ModbusBridge\ModbusBridge.vcxproj", "{03EC0D43-CF4C-47F0-B378-BF9FF6751C8D}"
EndProject
Global
	GlobalSection(SolutionConfigurationPlatforms) = preSolution
		Debug|ARM = Debug|ARM
		Debug|ARM64 = Debug|ARM64
		Debug|x64 = Debug|x64
		Release|ARM = Release|ARM
		Release|ARM64 = Release|ARM64
		Release|x64 = Release|x64
	EndGlobalSection
	GlobalSection(ProjectConfigurationPlatforms) = postSolution
		{03EC0D43-CF4C-47F0-B378-BF9FF6751C8D}.Debug|ARM.ActiveCfg = Debug|ARM
		{03EC0D43-CF4C-47F0-B378-BF9FF6751C8D}.Debug|ARM.Build.0 = Debug|ARM
		{03EC0D43-CF4C-47F0-B378-BF9FF6751C8D}.Debug|ARM.Deploy.0 = Debug|ARM
		{03EC0D43-CF4C-47F0-B378-BF9FF6751C8D}.Debug|ARM64.ActiveCfg = Debug|ARM64
		{03EC0D43-CF4C-47F0-B378-BF9FF6751C8D}.Debug|ARM64.Build.0 = Debug|ARM64
		{03EC0D43-CF4C-47F0-B378-BF9FF6751C8D}.Debug|ARM64.Deploy.0 = Debug|ARM64
		{03EC0D43-CF4C-47F0-B378-BF9FF6751C8D}.Debug|x64.ActiveCfg = Debug|x64
		{03EC0D43-CF4C-47F0-B378-BF9FF6751C8D}.Debug|x64.Build.0 = Debug|x64
		{03EC0D43-CF4C-47F0-B378-BF9FF6751C8D}.Debug|x64.Deploy.0 = Debug|x64
		{03EC0D43-CF4C-47F0-B378-BF9FF6751C8D}.Release|ARM.ActiveCfg = Release|ARM
		{03EC0D43-CF4C-47F0-B378-BF9FF6751C8D}.Release|ARM.Build.0 = Release|ARM
		{03EC0D43-CF4C-47F0-B378-BF9FF6751C8D}.Release|ARM.Deploy.0 = Release|ARM
		{03EC0D43-CF4C-47F0-B378-BF9FF6751C8D}.Release|ARM64.ActiveCfg = Release|ARM64
		{03EC0D43-CF4C-47F0-B378-BF9FF6751C8D}.Release|ARM64.Build.0 = Release|ARM64
		{03EC0D43-CF4C-47F0-B378-BF9FF6751C8D}.Release|ARM64.Deploy.0 = Release|ARM64
		{03EC0D43-CF4C-47F0-B378-BF9FF6751C8D}.Release|x64.ActiveCfg = Release|x64
		{03EC0D43-CF4C-47F0-B378-BF9FF6751C8D}.Release|x64.Build.0 = Release|x64
		{03EC0D43-CF4C-47F0-B378-BF9FF6751C8D}.Release|x64.Deploy.0 = Release|x64
	EndGlobalSection
	GlobalSection(SolutionProperties) = preSolution
		HideSolutionNode = FALSE
	EndGlobalSection
	GlobalSection(ExtensibilityGlobals) = postSolution
		SolutionGuid = {CFFA7A63-93F0-485D-9A5A-DE6C9E956619}
	EndGlobalSection
EndGlobal
